
Microsoft Visual Studio Solution File, Format Version 12.00
# Visual Studio Version 16
VisualStudioVersion = 16.0.28729.10
MinimumVisualStudioVersion = 10.0.40219.1
Project("{FAE04EC0-301F-11D3-BF4B-00C04F79EFBC}") = "GeniusSpotify.Client", "GeniusSpotify\GeniusSpotify.Client.csproj", "{1840D542-BD15-4551-B4E9-79A8E756827B}"
EndProject
Project("{FAE04EC0-301F-11D3-BF4B-00C04F79EFBC}") = "GeniusSpotify.Client.Library.Spotify", "Spotify\GeniusSpotify.Client.Library.Spotify.csproj", "{9E364B2E-737F-446D-9F1B-247A3F1848FF}"
EndProject
Project("{FAE04EC0-301F-11D3-BF4B-00C04F79EFBC}") = "GeniusSpotify.Client.Library.Genius", "Genius\GeniusSpotify.Client.Library.Genius.csproj", "{A9476DA4-8648-4894-8D70-78D0C219F7DD}"
EndProject
Project("{9A19103F-16F7-4668-BE54-9A1E7A4F7556}") = "GeniusSpotify.Client.RepositoryDatabase", "RepositeryDatabase\GeniusSpotify.Client.RepositoryDatabase.csproj", "{EF2CEA19-F522-4773-9980-E3634824E0CF}"
EndProject
Project("{9A19103F-16F7-4668-BE54-9A1E7A4F7556}") = "GeniusSpotify.API", "GeniusSpotify.API\GeniusSpotify.API.csproj", "{18FE8514-5F25-41FC-BA26-8353D7C92B45}"
EndProject
Global
	GlobalSection(SolutionConfigurationPlatforms) = preSolution
		Debug|Any CPU = Debug|Any CPU
		Release|Any CPU = Release|Any CPU
	EndGlobalSection
	GlobalSection(ProjectConfigurationPlatforms) = postSolution
		{1840D542-BD15-4551-B4E9-79A8E756827B}.Debug|Any CPU.ActiveCfg = Debug|Any CPU
		{1840D542-BD15-4551-B4E9-79A8E756827B}.Debug|Any CPU.Build.0 = Debug|Any CPU
		{1840D542-BD15-4551-B4E9-79A8E756827B}.Release|Any CPU.ActiveCfg = Release|Any CPU
		{1840D542-BD15-4551-B4E9-79A8E756827B}.Release|Any CPU.Build.0 = Release|Any CPU
		{9E364B2E-737F-446D-9F1B-247A3F1848FF}.Debug|Any CPU.ActiveCfg = Debug|Any CPU
		{9E364B2E-737F-446D-9F1B-247A3F1848FF}.Debug|Any CPU.Build.0 = Debug|Any CPU
		{9E364B2E-737F-446D-9F1B-247A3F1848FF}.Release|Any CPU.ActiveCfg = Release|Any CPU
		{9E364B2E-737F-446D-9F1B-247A3F1848FF}.Release|Any CPU.Build.0 = Release|Any CPU
		{A9476DA4-8648-4894-8D70-78D0C219F7DD}.Debug|Any CPU.ActiveCfg = Debug|Any CPU
		{A9476DA4-8648-4894-8D70-78D0C219F7DD}.Debug|Any CPU.Build.0 = Debug|Any CPU
		{A9476DA4-8648-4894-8D70-78D0C219F7DD}.Release|Any CPU.ActiveCfg = Release|Any CPU
		{A9476DA4-8648-4894-8D70-78D0C219F7DD}.Release|Any CPU.Build.0 = Release|Any CPU
		{EF2CEA19-F522-4773-9980-E3634824E0CF}.Debug|Any CPU.ActiveCfg = Debug|Any CPU
		{EF2CEA19-F522-4773-9980-E3634824E0CF}.Debug|Any CPU.Build.0 = Debug|Any CPU
		{EF2CEA19-F522-4773-9980-E3634824E0CF}.Release|Any CPU.ActiveCfg = Release|Any CPU
		{EF2CEA19-F522-4773-9980-E3634824E0CF}.Release|Any CPU.Build.0 = Release|Any CPU
		{18FE8514-5F25-41FC-BA26-8353D7C92B45}.Debug|Any CPU.ActiveCfg = Debug|Any CPU
		{18FE8514-5F25-41FC-BA26-8353D7C92B45}.Debug|Any CPU.Build.0 = Debug|Any CPU
		{18FE8514-5F25-41FC-BA26-8353D7C92B45}.Release|Any CPU.ActiveCfg = Release|Any CPU
		{18FE8514-5F25-41FC-BA26-8353D7C92B45}.Release|Any CPU.Build.0 = Release|Any CPU
	EndGlobalSection
	GlobalSection(SolutionProperties) = preSolution
		HideSolutionNode = FALSE
	EndGlobalSection
	GlobalSection(ExtensibilityGlobals) = postSolution
		SolutionGuid = {FA878934-026B-4CE6-8896-ACC1E4613C5B}
	EndGlobalSection
EndGlobal
